
Microsoft Visual Studio Solution File, Format Version 12.00
# Visual Studio 14
VisualStudioVersion = 14.0.25420.1
MinimumVisualStudioVersion = 10.0.40219.1
Project("{FAE04EC0-301F-11D3-BF4B-00C04F79EFBC}") = "Producer", "Producer\Producer.csproj", "{1C068F0A-46DA-42A8-B2FB-C6FD8C9ADC7B}"
EndProject
Project("{FAE04EC0-301F-11D3-BF4B-00C04F79EFBC}") = "Consumer", "Consumer\Consumer.csproj", "{CDC6D73B-60E3-4A05-A5A4-2DD846A37C21}"
EndProject
Global
	GlobalSection(SolutionConfigurationPlatforms) = preSolution
		Debug|Any CPU = Debug|Any CPU
		Release|Any CPU = Release|Any CPU
	EndGlobalSection
	GlobalSection(ProjectConfigurationPlatforms) = postSolution
		{1C068F0A-46DA-42A8-B2FB-C6FD8C9ADC7B}.Debug|Any CPU.ActiveCfg = Debug|Any CPU
		{1C068F0A-46DA-42A8-B2FB-C6FD8C9ADC7B}.Debug|Any CPU.Build.0 = Debug|Any CPU
		{1C068F0A-46DA-42A8-B2FB-C6FD8C9ADC7B}.Release|Any CPU.ActiveCfg = Release|Any CPU
		{1C068F0A-46DA-42A8-B2FB-C6FD8C9ADC7B}.Release|Any CPU.Build.0 = Release|Any CPU
		{CDC6D73B-60E3-4A05-A5A4-2DD846A37C21}.Debug|Any CPU.ActiveCfg = Debug|Any CPU
		{CDC6D73B-60E3-4A05-A5A4-2DD846A37C21}.Debug|Any CPU.Build.0 = Debug|Any CPU
		{CDC6D73B-60E3-4A05-A5A4-2DD846A37C21}.Release|Any CPU.ActiveCfg = Release|Any CPU
		{CDC6D73B-60E3-4A05-A5A4-2DD846A37C21}.Release|Any CPU.Build.0 = Release|Any CPU
	EndGlobalSection
	GlobalSection(SolutionProperties) = preSolution
		HideSolutionNode = FALSE
	EndGlobalSection
EndGlobal
